
Microsoft Visual Studio Solution File, Format Version 12.00
# Visual Studio Version 17
VisualStudioVersion = 17.14.36327.8 d17.14
MinimumVisualStudioVersion = 10.0.40219.1
Project("{FAE04EC0-301F-11D3-BF4B-00C04F79EFBC}") = "xmlRakendus", "xmlRakendus\xmlRakendus.csproj", "{4CE92F9C-8BD2-4303-BECE-67A868C5848D}"
EndProject
Global
	GlobalSection(SolutionConfigurationPlatforms) = preSolution
		Debug|Any CPU = Debug|Any CPU
		Release|Any CPU = Release|Any CPU
	EndGlobalSection
	GlobalSection(ProjectConfigurationPlatforms) = postSolution
		{4CE92F9C-8BD2-4303-BECE-67A868C5848D}.Debug|Any CPU.ActiveCfg = Debug|Any CPU
		{4CE92F9C-8BD2-4303-BECE-67A868C5848D}.Debug|Any CPU.Build.0 = Debug|Any CPU
		{4CE92F9C-8BD2-4303-BECE-67A868C5848D}.Release|Any CPU.ActiveCfg = Release|Any CPU
		{4CE92F9C-8BD2-4303-BECE-67A868C5848D}.Release|Any CPU.Build.0 = Release|Any CPU
	EndGlobalSection
	GlobalSection(SolutionProperties) = preSolution
		HideSolutionNode = FALSE
	EndGlobalSection
	GlobalSection(ExtensibilityGlobals) = postSolution
		SolutionGuid = {BAAA445E-CFD0-4708-A9E9-658A1018B5C3}
	EndGlobalSection
EndGlobal
